# Generated by conda-lock.
# platform: linux-64
# input_hash: 1d3f400ad04fcc62a2bed04f351a733811ce5283d7823b5cd9aaeef08b9f2b8c
@EXPLICIT
https://conda.anaconda.org/conda-forge/linux-64/_libgcc_mutex-0.1-conda_forge.tar.bz2#d7c89558ba9fa0495403155b64376d81
https://conda.anaconda.org/conda-forge/linux-64/ca-certificates-2021.10.8-ha878542_0.tar.bz2#575611b8a84f45960e87722eeb51fa26
https://conda.anaconda.org/conda-forge/linux-64/ld_impl_linux-64-2.36.1-hea4e1c9_2.tar.bz2#bd4f2e711b39af170e7ff15163fe87ee
https://conda.anaconda.org/conda-forge/linux-64/libgfortran5-11.2.0-h5c6108e_14.tar.bz2#f8b51fb7bccd48f959982973df578165
https://conda.anaconda.org/conda-forge/linux-64/libstdcxx-ng-11.2.0-he4da1e4_14.tar.bz2#c3b55849172e4bfa01d3349ea8e73a3a
https://conda.anaconda.org/conda-forge/noarch/tzdata-2022a-h191b570_0.tar.bz2#84be5301069417a2221187d2f435e0f7
https://conda.anaconda.org/conda-forge/linux-64/libgfortran-ng-11.2.0-h69a702a_14.tar.bz2#67328431d4aeab35e5a2c6c22669c22b
https://conda.anaconda.org/conda-forge/linux-64/libgomp-11.2.0-h1d223b6_14.tar.bz2#a77fb1a92411cb8d979de1c2d81dd210
https://conda.anaconda.org/conda-forge/linux-64/_openmp_mutex-4.5-1_gnu.tar.bz2#561e277319a41d4f24f5c05a9ef63c04
https://conda.anaconda.org/conda-forge/linux-64/libgcc-ng-11.2.0-h1d223b6_14.tar.bz2#47e6c01d149b26090748d9d1ac32491b
https://conda.anaconda.org/conda-forge/linux-64/bzip2-1.0.8-h7f98852_4.tar.bz2#a1fd65c7ccbf10880423d82bca54eb54
https://conda.anaconda.org/conda-forge/linux-64/c-ares-1.18.1-h7f98852_0.tar.bz2#f26ef8098fab1f719c91eb760d63381a
https://conda.anaconda.org/conda-forge/linux-64/giflib-5.2.1-h36c2ea0_2.tar.bz2#626e68ae9cc5912d6adb79d318cf962d
https://conda.anaconda.org/conda-forge/linux-64/jbig-2.1-h7f98852_2003.tar.bz2#1aa0cee79792fa97b7ff4545110b60bf
https://conda.anaconda.org/conda-forge/linux-64/jpeg-9e-h7f98852_0.tar.bz2#5c214edc675a7fb7cbb34b1d854e5141
https://conda.anaconda.org/conda-forge/linux-64/keyutils-1.6.1-h166bdaf_0.tar.bz2#30186d27e2c9fa62b45fb1476b7200e3
https://conda.anaconda.org/conda-forge/linux-64/lerc-3.0-h9c3ff4c_0.tar.bz2#7fcefde484980d23f0ec24c11e314d2e
https://conda.anaconda.org/conda-forge/linux-64/libbrotlicommon-1.0.9-h7f98852_6.tar.bz2#b0f44f63f7d771d7670747a1dd5d5ac1
https://conda.anaconda.org/conda-forge/linux-64/libdeflate-1.10-h7f98852_0.tar.bz2#ffa3a757a97e851293909b49f49f28fb
https://conda.anaconda.org/conda-forge/linux-64/libev-4.33-h516909a_1.tar.bz2#6f8720dff19e17ce5d48cfe7f3d2f0a3
https://conda.anaconda.org/conda-forge/linux-64/libffi-3.4.2-h7f98852_5.tar.bz2#d645c6d2ac96843a2bfaccd2d62b3ac3
https://conda.anaconda.org/conda-forge/linux-64/libnsl-2.0.0-h7f98852_0.tar.bz2#39b1328babf85c7c3a61636d9cd50206
https://conda.anaconda.org/conda-forge/linux-64/libopenblas-0.3.18-pthreads_h8fe5266_0.tar.bz2#41532e4448c0cce086d6570f95e4e12e
https://conda.anaconda.org/conda-forge/linux-64/libuuid-2.32.1-h7f98852_1000.tar.bz2#772d69f030955d9646d3d0eaf21d859d
https://conda.anaconda.org/conda-forge/linux-64/libwebp-base-1.2.2-h7f98852_1.tar.bz2#46cf26ecc8775a0aab300ea1821aaa3c
https://conda.anaconda.org/conda-forge/linux-64/libzlib-1.2.11-h166bdaf_1014.tar.bz2#757138ba3ddc6777b82e91d9ff62e7b9
https://conda.anaconda.org/conda-forge/linux-64/lz4-c-1.9.3-h9c3ff4c_1.tar.bz2#fbe97e8fa6f275d7c76a09e795adc3e6
https://conda.anaconda.org/conda-forge/linux-64/ncurses-6.3-h9c3ff4c_0.tar.bz2#fb31bcb7af058244479ca635d20f0f4a
https://conda.anaconda.org/conda-forge/linux-64/openssl-3.0.2-h166bdaf_1.tar.bz2#49bf4e64d1e86676b90a8657c1142f01
https://conda.anaconda.org/conda-forge/linux-64/pthread-stubs-0.4-h36c2ea0_1001.tar.bz2#22dad4df6e8630e8dff2428f6f6a7036
https://conda.anaconda.org/conda-forge/linux-64/xorg-libxau-1.0.9-h7f98852_0.tar.bz2#bf6f803a544f26ebbdc3bfff272eb179
https://conda.anaconda.org/conda-forge/linux-64/xorg-libxdmcp-1.1.3-h7f98852_0.tar.bz2#be93aabceefa2fac576e971aef407908
https://conda.anaconda.org/conda-forge/linux-64/xz-5.2.5-h516909a_1.tar.bz2#33f601066901f3e1a85af3522a8113f9
https://conda.anaconda.org/conda-forge/linux-64/libblas-3.9.0-13_linux64_openblas.tar.bz2#8a4038563ed92dfa622bd72c0d8f31d3
https://conda.anaconda.org/conda-forge/linux-64/libbrotlidec-1.0.9-h7f98852_6.tar.bz2#c7c03a2592cac92246a13a0732bd1573
https://conda.anaconda.org/conda-forge/linux-64/libbrotlienc-1.0.9-h7f98852_6.tar.bz2#28bfe0a70154e6881da7bae97517c948
https://conda.anaconda.org/conda-forge/linux-64/libedit-3.1.20191231-he28a2e2_2.tar.bz2#4d331e44109e3f0e19b4cb8f9b82f3e1
https://conda.anaconda.org/conda-forge/linux-64/libxcb-1.13-h7f98852_1004.tar.bz2#b3653fdc58d03face9724f602218a904
https://conda.anaconda.org/conda-forge/linux-64/readline-8.1-h46c0cb4_0.tar.bz2#5788de3c8d7a7d64ac56c784c4ef48e6
https://conda.anaconda.org/conda-forge/linux-64/tk-8.6.12-h27826a3_0.tar.bz2#5b8c42eb62e9fc961af70bdd6a26e168
https://conda.anaconda.org/conda-forge/linux-64/zlib-1.2.11-h166bdaf_1014.tar.bz2#def3b82d1a03aa695bb38ac1dd072ff2
https://conda.anaconda.org/conda-forge/linux-64/zstd-1.5.2-ha95c52a_0.tar.bz2#5222b231b1ef49a7f60d40b363469b70
https://conda.anaconda.org/conda-forge/linux-64/brotli-bin-1.0.9-h7f98852_6.tar.bz2#9e94bf16f14c78a36561d5019f490d22
https://conda.anaconda.org/conda-forge/linux-64/hdf4-4.2.15-h10796ff_3.tar.bz2#21a8d66dc17f065023b33145c42652fe
https://conda.anaconda.org/conda-forge/linux-64/krb5-1.19.3-h08a2579_0.tar.bz2#d25e05e7ee0e302b52d24491db4891eb
https://conda.anaconda.org/conda-forge/linux-64/libcblas-3.9.0-13_linux64_openblas.tar.bz2#b17676dbd6688396c3a3076259fb7907
https://conda.anaconda.org/conda-forge/linux-64/liblapack-3.9.0-13_linux64_openblas.tar.bz2#018b80e8f21d8560ae4961567e3e00c9
https://conda.anaconda.org/conda-forge/linux-64/libnghttp2-1.47.0-he49606f_0.tar.bz2#2a45132d4afadacf23f401c997ac163b
https://conda.anaconda.org/conda-forge/linux-64/libpng-1.6.37-h21135ba_2.tar.bz2#b6acf807307d033d4b7e758b4f44b036
https://conda.anaconda.org/conda-forge/linux-64/libssh2-1.10.0-ha35d2d1_2.tar.bz2#e0adb0915b3e6971a84e347f998ca837
https://conda.anaconda.org/conda-forge/linux-64/libtiff-4.3.0-h542a066_3.tar.bz2#1a0efb4dfd880b0376da8e1ba39fa838
https://conda.anaconda.org/conda-forge/linux-64/libzip-1.8.0-h1c5bbd1_1.tar.bz2#800eab3dd173ff4e48bc2e7cc5fa58e1
https://conda.anaconda.org/conda-forge/linux-64/sqlite-3.37.1-h4ff8645_0.tar.bz2#8057ac02d6d10a162d7eb4b0ca7ed291
https://conda.anaconda.org/conda-forge/linux-64/brotli-1.0.9-h7f98852_6.tar.bz2#612385c4a83edb0619fe911d9da317f4
https://conda.anaconda.org/conda-forge/linux-64/freetype-2.10.4-h0708190_1.tar.bz2#4a06f2ac2e5bfae7b6b245171c3f07aa
https://conda.anaconda.org/conda-forge/linux-64/lcms2-2.12-hddcbb42_0.tar.bz2#797117394a4aa588de6d741b06fad80f
https://conda.anaconda.org/conda-forge/linux-64/libcurl-7.82.0-h2283fc2_0.tar.bz2#f541a27ac8f445a392c0fb680d91999a
https://conda.anaconda.org/conda-forge/linux-64/libwebp-1.2.2-h3452ae3_0.tar.bz2#c363665b4aabe56aae4f8981cff5b153
https://conda.anaconda.org/conda-forge/linux-64/openjpeg-2.4.0-hb52868f_1.tar.bz2#b7ad78ad2e9ee155f59e6428406ee824
https://conda.anaconda.org/conda-forge/linux-64/python-3.10.4-h2660328_0_cpython.tar.bz2#0f72b088a5471e97309031e1636e7b3f
https://conda.anaconda.org/conda-forge/noarch/colorama-0.4.4-pyh9f0ad1d_0.tar.bz2#c08b4c1326b880ed44f3ffb04803332f
https://conda.anaconda.org/conda-forge/linux-64/curl-7.82.0-h2283fc2_0.tar.bz2#80f6edc6fdb8b07975b6674b3aba0efe
https://conda.anaconda.org/conda-forge/noarch/cycler-0.11.0-pyhd8ed1ab_0.tar.bz2#a50559fad0affdbb33729a68669ca1cb
https://conda.anaconda.org/conda-forge/linux-64/hdf5-1.12.1-nompi_h4df4325_104.tar.bz2#ddecfd15c2a412c595c68ff22d3557a0
https://conda.anaconda.org/conda-forge/noarch/munkres-1.1.4-pyh9f0ad1d_0.tar.bz2#2ba8498c1018c1e9c61eb99b973dfe19
https://conda.anaconda.org/conda-forge/noarch/pyparsing-3.0.7-pyhd8ed1ab_0.tar.bz2#727e2216d9c47455d8ddc060eb2caad9
https://conda.anaconda.org/conda-forge/linux-64/python_abi-3.10-2_cp310.tar.bz2#9e7160cd0d865e98f6803f1fe15c8b61
https://conda.anaconda.org/conda-forge/noarch/pytz-2022.1-pyhd8ed1ab_0.tar.bz2#b87d66d6d3991d988fb31510c95a9267
https://conda.anaconda.org/conda-forge/noarch/six-1.16.0-pyh6c4a22f_0.tar.bz2#e5f25f8dbc060e9a8d912e432202afc2
https://conda.anaconda.org/conda-forge/noarch/threadpoolctl-3.1.0-pyh8a188c0_0.tar.bz2#a2995ee828f65687ac5b1e71a2ab1e0c
https://conda.anaconda.org/conda-forge/linux-64/certifi-2021.10.8-py310hff52083_1.tar.bz2#c26a27ad114b172abd212678fa640a3d
https://conda.anaconda.org/conda-forge/linux-64/kiwisolver-1.4.0-py310hbf28c38_0.tar.bz2#1c9e6e358da1bd4c62ddab2e8f99acf4
https://conda.anaconda.org/conda-forge/linux-64/libnetcdf-4.8.1-nompi_hb3fd0d9_101.tar.bz2#f51a2170153d740fd9324534e71cd8a0
https://conda.anaconda.org/conda-forge/linux-64/msgpack-python-1.0.3-py310h91b1402_0.tar.bz2#5b9b1930b4cd12292869147001d88131
https://conda.anaconda.org/conda-forge/linux-64/numpy-1.22.3-py310h45f3432_0.tar.bz2#2e11fe0b35824f54b346dc8e056842cf
https://conda.anaconda.org/conda-forge/noarch/packaging-21.3-pyhd8ed1ab_0.tar.bz2#71f1ab2de48613876becddd496371c85
https://conda.anaconda.org/conda-forge/linux-64/pillow-9.0.1-py310he619898_2.tar.bz2#93a41b6357a5767ff2241ed835941bef
https://conda.anaconda.org/conda-forge/noarch/python-dateutil-2.8.2-pyhd8ed1ab_0.tar.bz2#dd999d1cc9f79e67dbb855c8924c7984
https://conda.anaconda.org/conda-forge/linux-64/setuptools-61.2.0-py310hff52083_0.tar.bz2#2be371d17f0f1582b7730461da084dac
https://conda.anaconda.org/conda-forge/noarch/tqdm-4.63.1-pyhd8ed1ab_0.tar.bz2#4bc8f5efce8f49db692ce888637ddd30
https://conda.anaconda.org/conda-forge/linux-64/unicodedata2-14.0.0-py310h6acc77f_0.tar.bz2#f2afc1235587de593bbf47daf1a12696
https://conda.anaconda.org/conda-forge/linux-64/biopython-1.79-py310h6acc77f_1.tar.bz2#627b18d3118565ead7e4a03551b3d8d8
https://conda.anaconda.org/conda-forge/linux-64/cftime-1.6.0-py310hde88566_0.tar.bz2#93df48c7694990f5bd73c6f8bbcbfe1b
https://conda.anaconda.org/conda-forge/linux-64/fonttools-4.31.2-py310h5764c6d_0.tar.bz2#a866c1e67147046afe747e1203efd0e5
https://conda.anaconda.org/conda-forge/linux-64/gsd-2.5.1-py310h96516ba_0.tar.bz2#39c0bbc42b6c0e242376fbf5019a2d3f
https://conda.anaconda.org/conda-forge/noarch/joblib-1.1.0-pyhd8ed1ab_0.tar.bz2#07d1b5c8cde14d95998fd4767e1e62d2
https://conda.anaconda.org/conda-forge/noarch/mmtf-python-1.1.2-py_0.tar.bz2#27a1195e80daae02aa143599eacb1535
https://conda.anaconda.org/conda-forge/noarch/mrcfile-1.3.0-pyh44b312d_0.tar.bz2#69f79f12d6653c39e26ba0f3eaf4f20d
https://conda.anaconda.org/conda-forge/linux-64/pandas-1.4.1-py310hb5077e9_0.tar.bz2#dbf15ea7048f3ec5af5f7b3c208f6d63
https://conda.anaconda.org/conda-forge/linux-64/scipy-1.8.0-py310hea5193d_1.tar.bz2#664d80ddeb51241629b3ada5ea926e4d
https://conda.anaconda.org/conda-forge/noarch/griddataformats-0.7.0-pyhd8ed1ab_0.tar.bz2#789c252a903e9d24c38891ba9bd4b39a
https://conda.anaconda.org/conda-forge/linux-64/matplotlib-base-3.5.1-py310h23f4a51_0.tar.bz2#30df276308bb54aa802eacac35798595
https://conda.anaconda.org/conda-forge/linux-64/netcdf4-1.5.8-nompi_py310hd7ca5b8_101.tar.bz2#39f597922f7db648da47b67829d71280
https://conda.anaconda.org/conda-forge/noarch/patsy-0.5.2-pyhd8ed1ab_0.tar.bz2#2e4e8be763551f60bbfcc22b650e5d49
https://conda.anaconda.org/conda-forge/linux-64/scikit-learn-1.0.2-py310h1246948_0.tar.bz2#c930949cd0b2dc2d022cb1161a2ff701
https://conda.anaconda.org/conda-forge/noarch/networkx-2.7.1-pyhd8ed1ab_1.tar.bz2#574dd6737cce351472f74027573cf071
https://conda.anaconda.org/conda-forge/noarch/seaborn-base-0.11.2-pyhd8ed1ab_0.tar.bz2#fe2303dc8f1febeb82d927ce8ad153ed
https://conda.anaconda.org/conda-forge/linux-64/statsmodels-0.13.2-py310h96516ba_0.tar.bz2#6f3dcf45d5592db32c02ce4bc59e07bf
https://conda.anaconda.org/conda-forge/noarch/seaborn-0.11.2-hd8ed1ab_0.tar.bz2#e56b6a19f4b717eca7c68ad78196b075
https://conda.anaconda.org/conda-forge/linux-64/mdanalysis-2.1.0-py310hd8f1fbe_1.tar.bz2#a4ff0e244f2b4a46838cf060131df6be
